{
  "object": {
    "pins": [
      {
        "package": "CLCMS",
        "repositoryURL": "https://github.com/PureSwift/CLCMS.git",
        "state": {
          "branch": "master",
          "revision": "20d18d62ebc642e52758512cab59af06f2d3655e",
          "version": null
        }
      }
    ]
  },
  "version": 1
}
