{
  "object": {
    "pins": [
      {
        "package": "CLCMS",
        "repositoryURL": "https://github.com/PureSwift/CLCMS.git",
        "state": {
          "branch": "master",
          "revision": "4808ad3fa6d244eb5a328a1b3fe0439f5954a831",
          "version": null
        }
      }
    ]
  },
  "version": 1
}
